// !$*UTF8*$!
{
	archiveVersion = 1;
	classes = {
	};
	objectVersion = 48;
	objects = {

/* Begin PBXBuildFile section */
		CE82C13E1FBE63874AE11B67 /* Pods_VirtualTourist.framework in Frameworks */ = {isa = PBXBuildFile; fileRef = B56B2CD2F19D8998887A3D65 /* Pods_VirtualTourist.framework */; };
		D01B9D161F9600E4004E7FD1 /* FlickrManager.swift in Sources */ = {isa = PBXBuildFile; fileRef = D01B9D151F9600E4004E7FD1 /* FlickrManager.swift */; };
		D01B9D181F96029C004E7FD1 /* PhotoModel.swift in Sources */ = {isa = PBXBuildFile; fileRef = D01B9D171F96029C004E7FD1 /* PhotoModel.swift */; };
		D0697DE51F94E81E004B6250 /* AppDelegate.swift in Sources */ = {isa = PBXBuildFile; fileRef = D0697DE41F94E81E004B6250 /* AppDelegate.swift */; };
		D0697DEA1F94E81E004B6250 /* Main.storyboard in Resources */ = {isa = PBXBuildFile; fileRef = D0697DE81F94E81E004B6250 /* Main.storyboard */; };
		D0697DEC1F94E81E004B6250 /* Assets.xcassets in Resources */ = {isa = PBXBuildFile; fileRef = D0697DEB1F94E81E004B6250 /* Assets.xcassets */; };
		D0697DEF1F94E81E004B6250 /* LaunchScreen.storyboard in Resources */ = {isa = PBXBuildFile; fileRef = D0697DED1F94E81E004B6250 /* LaunchScreen.storyboard */; };
		D0697DFA1F94E81E004B6250 /* VirtualTouristTests.swift in Sources */ = {isa = PBXBuildFile; fileRef = D0697DF91F94E81E004B6250 /* VirtualTouristTests.swift */; };
		D0697E051F94E81E004B6250 /* VirtualTouristUITests.swift in Sources */ = {isa = PBXBuildFile; fileRef = D0697E041F94E81E004B6250 /* VirtualTouristUITests.swift */; };
		D0697E131F94E839004B6250 /* CoreDataStack.swift in Sources */ = {isa = PBXBuildFile; fileRef = D0697E121F94E839004B6250 /* CoreDataStack.swift */; };
		D0697E171F94E8EC004B6250 /* Model.xcdatamodeld in Sources */ = {isa = PBXBuildFile; fileRef = D0697E151F94E8EC004B6250 /* Model.xcdatamodeld */; };
		D0697E1A1F94EBFD004B6250 /* VT_Constants.swift in Sources */ = {isa = PBXBuildFile; fileRef = D0697E191F94EBFD004B6250 /* VT_Constants.swift */; };
		D0697E241F94ED86004B6250 /* VT_MapViewController.swift in Sources */ = {isa = PBXBuildFile; fileRef = D0697E231F94ED86004B6250 /* VT_MapViewController.swift */; };
		D0697E281F94EDF0004B6250 /* VT_PinDetailViewController.swift in Sources */ = {isa = PBXBuildFile; fileRef = D0697E271F94EDF0004B6250 /* VT_PinDetailViewController.swift */; };
		D079D7461F95F33B0088DAB2 /* SetupUIForPinDetailViewControllerExtension.swift in Sources */ = {isa = PBXBuildFile; fileRef = D079D7451F95F33B0088DAB2 /* SetupUIForPinDetailViewControllerExtension.swift */; };
		D079D7481F95F3420088DAB2 /* DataManagerForPinDetailViewControllerExtension.swift in Sources */ = {isa = PBXBuildFile; fileRef = D079D7471F95F3420088DAB2 /* DataManagerForPinDetailViewControllerExtension.swift */; };
		D079D74C1F95F4B00088DAB2 /* VT_PinDetailCollectionViewCell.swift in Sources */ = {isa = PBXBuildFile; fileRef = D079D74B1F95F4B00088DAB2 /* VT_PinDetailCollectionViewCell.swift */; };
		D079D74E1F95F5960088DAB2 /* CollectionViewForPinDetailViewControllerExtension.swift in Sources */ = {isa = PBXBuildFile; fileRef = D079D74D1F95F5960088DAB2 /* CollectionViewForPinDetailViewControllerExtension.swift */; };
		D0A38FD71F94FB1800410377 /* SetupUIForMapViewControllerExtension.swift in Sources */ = {isa = PBXBuildFile; fileRef = D0A38FD61F94FB1800410377 /* SetupUIForMapViewControllerExtension.swift */; };
		D0A38FD91F94FB2000410377 /* DataManagerForMapViewControllerExtension.swift in Sources */ = {isa = PBXBuildFile; fileRef = D0A38FD81F94FB2000410377 /* DataManagerForMapViewControllerExtension.swift */; };
		D0ACD2401F963585003CC86C /* Photo+CoreDataClass.swift in Sources */ = {isa = PBXBuildFile; fileRef = D0ACD23C1F963585003CC86C /* Photo+CoreDataClass.swift */; };
		D0ACD2411F963585003CC86C /* Pin+CoreDataClass.swift in Sources */ = {isa = PBXBuildFile; fileRef = D0ACD23D1F963585003CC86C /* Pin+CoreDataClass.swift */; };
		D0ACD2421F963585003CC86C /* Pin+CoreDataProperties.swift in Sources */ = {isa = PBXBuildFile; fileRef = D0ACD23E1F963585003CC86C /* Pin+CoreDataProperties.swift */; };
		D0ACD2431F963585003CC86C /* Photo+CoreDataProperties.swift in Sources */ = {isa = PBXBuildFile; fileRef = D0ACD23F1F963585003CC86C /* Photo+CoreDataProperties.swift */; };
		D0D21B221F94F3D40025D5D3 /* MapKit.framework in Frameworks */ = {isa = PBXBuildFile; fileRef = D0D21B211F94F3D40025D5D3 /* MapKit.framework */; };
		D0D21B241F94F4170025D5D3 /* CustomLocationManager.swift in Sources */ = {isa = PBXBuildFile; fileRef = D0D21B231F94F4170025D5D3 /* CustomLocationManager.swift */; };
		E480AA052ED6060F0D69148E /* Pods_VirtualTouristTests.framework in Frameworks */ = {isa = PBXBuildFile; fileRef = 97C793AFE14D3C70147382ED /* Pods_VirtualTouristTests.framework */; };
		FF4ABEC26EE3939A892C2B7C /* Pods_VirtualTouristUITests.framework in Frameworks */ = {isa = PBXBuildFile; fileRef = 1A0C0076A919822F53964C20 /* Pods_VirtualTouristUITests.framework */; };
/* End PBXBuildFile section */

/* Begin PBXContainerItemProxy section */
		D0697DF61F94E81E004B6250 /* PBXContainerItemProxy */ = {
			isa = PBXContainerItemProxy;
			containerPortal = D0697DD91F94E81E004B6250 /* Project object */;
			proxyType = 1;
			remoteGlobalIDString = D0697DE01F94E81E004B6250;
			remoteInfo = VirtualTourist;
		};
		D0697E011F94E81E004B6250 /* PBXContainerItemProxy */ = {
			isa = PBXContainerItemProxy;
			containerPortal = D0697DD91F94E81E004B6250 /* Project object */;
			proxyType = 1;
			remoteGlobalIDString = D0697DE01F94E81E004B6250;
			remoteInfo = VirtualTourist;
		};
/* End PBXContainerItemProxy section */

/* Begin PBXFileReference section */
		14EC47D0CF9E11C8F3002D59 /* Pods-VirtualTouristTests.debug.xcconfig */ = {isa = PBXFileReference; includeInIndex = 1; lastKnownFileType = text.xcconfig; name = "Pods-VirtualTouristTests.debug.xcconfig"; path = "Pods/Target Support Files/Pods-VirtualTouristTests/Pods-VirtualTouristTests.debug.xcconfig"; sourceTree = "<group>"; };
		1A0C0076A919822F53964C20 /* Pods_VirtualTouristUITests.framework */ = {isa = PBXFileReference; explicitFileType = wrapper.framework; includeInIndex = 0; path = Pods_VirtualTouristUITests.framework; sourceTree = BUILT_PRODUCTS_DIR; };
		79181C764E7BB1F4AEA219A3 /* Pods-VirtualTourist.debug.xcconfig */ = {isa = PBXFileReference; includeInIndex = 1; lastKnownFileType = text.xcconfig; name = "Pods-VirtualTourist.debug.xcconfig"; path = "Pods/Target Support Files/Pods-VirtualTourist/Pods-VirtualTourist.debug.xcconfig"; sourceTree = "<group>"; };
		97C793AFE14D3C70147382ED /* Pods_VirtualTouristTests.framework */ = {isa = PBXFileReference; explicitFileType = wrapper.framework; includeInIndex = 0; path = Pods_VirtualTouristTests.framework; sourceTree = BUILT_PRODUCTS_DIR; };
		AB2173292367002B47DE5E00 /* Pods-VirtualTourist.release.xcconfig */ = {isa = PBXFileReference; includeInIndex = 1; lastKnownFileType = text.xcconfig; name = "Pods-VirtualTourist.release.xcconfig"; path = "Pods/Target Support Files/Pods-VirtualTourist/Pods-VirtualTourist.release.xcconfig"; sourceTree = "<group>"; };
		B2189836D8CF027F92A3BFFD /* Pods-VirtualTouristTests.release.xcconfig */ = {isa = PBXFileReference; includeInIndex = 1; lastKnownFileType = text.xcconfig; name = "Pods-VirtualTouristTests.release.xcconfig"; path = "Pods/Target Support Files/Pods-VirtualTouristTests/Pods-VirtualTouristTests.release.xcconfig"; sourceTree = "<group>"; };
		B56B2CD2F19D8998887A3D65 /* Pods_VirtualTourist.framework */ = {isa = PBXFileReference; explicitFileType = wrapper.framework; includeInIndex = 0; path = Pods_VirtualTourist.framework; sourceTree = BUILT_PRODUCTS_DIR; };
		CC837326DB152E834AC471B6 /* Pods-VirtualTouristUITests.debug.xcconfig */ = {isa = PBXFileReference; includeInIndex = 1; lastKnownFileType = text.xcconfig; name = "Pods-VirtualTouristUITests.debug.xcconfig"; path = "Pods/Target Support Files/Pods-VirtualTouristUITests/Pods-VirtualTouristUITests.debug.xcconfig"; sourceTree = "<group>"; };
		D01B9D151F9600E4004E7FD1 /* FlickrManager.swift */ = {isa = PBXFileReference; lastKnownFileType = sourcecode.swift; path = FlickrManager.swift; sourceTree = "<group>"; };
		D01B9D171F96029C004E7FD1 /* PhotoModel.swift */ = {isa = PBXFileReference; fileEncoding = 4; lastKnownFileType = sourcecode.swift; path = PhotoModel.swift; sourceTree = "<group>"; };
		D0697DE11F94E81E004B6250 /* VirtualTourist.app */ = {isa = PBXFileReference; explicitFileType = wrapper.application; includeInIndex = 0; path = VirtualTourist.app; sourceTree = BUILT_PRODUCTS_DIR; };
		D0697DE41F94E81E004B6250 /* AppDelegate.swift */ = {isa = PBXFileReference; lastKnownFileType = sourcecode.swift; path = AppDelegate.swift; sourceTree = "<group>"; };
		D0697DE91F94E81E004B6250 /* Base */ = {isa = PBXFileReference; lastKnownFileType = file.storyboard; name = Base; path = Base.lproj/Main.storyboard; sourceTree = "<group>"; };
		D0697DEB1F94E81E004B6250 /* Assets.xcassets */ = {isa = PBXFileReference; lastKnownFileType = folder.assetcatalog; path = Assets.xcassets; sourceTree = "<group>"; };
		D0697DEE1F94E81E004B6250 /* Base */ = {isa = PBXFileReference; lastKnownFileType = file.storyboard; name = Base; path = Base.lproj/LaunchScreen.storyboard; sourceTree = "<group>"; };
		D0697DF01F94E81E004B6250 /* Info.plist */ = {isa = PBXFileReference; lastKnownFileType = text.plist.xml; path = Info.plist; sourceTree = "<group>"; };
		D0697DF51F94E81E004B6250 /* VirtualTouristTests.xctest */ = {isa = PBXFileReference; explicitFileType = wrapper.cfbundle; includeInIndex = 0; path = VirtualTouristTests.xctest; sourceTree = BUILT_PRODUCTS_DIR; };
		D0697DF91F94E81E004B6250 /* VirtualTouristTests.swift */ = {isa = PBXFileReference; lastKnownFileType = sourcecode.swift; path = VirtualTouristTests.swift; sourceTree = "<group>"; };
		D0697DFB1F94E81E004B6250 /* Info.plist */ = {isa = PBXFileReference; lastKnownFileType = text.plist.xml; path = Info.plist; sourceTree = "<group>"; };
		D0697E001F94E81E004B6250 /* VirtualTouristUITests.xctest */ = {isa = PBXFileReference; explicitFileType = wrapper.cfbundle; includeInIndex = 0; path = VirtualTouristUITests.xctest; sourceTree = BUILT_PRODUCTS_DIR; };
		D0697E041F94E81E004B6250 /* VirtualTouristUITests.swift */ = {isa = PBXFileReference; lastKnownFileType = sourcecode.swift; path = VirtualTouristUITests.swift; sourceTree = "<group>"; };
		D0697E061F94E81E004B6250 /* Info.plist */ = {isa = PBXFileReference; lastKnownFileType = text.plist.xml; path = Info.plist; sourceTree = "<group>"; };
		D0697E121F94E839004B6250 /* CoreDataStack.swift */ = {isa = PBXFileReference; lastKnownFileType = sourcecode.swift; path = CoreDataStack.swift; sourceTree = "<group>"; };
		D0697E161F94E8EC004B6250 /* Model.xcdatamodel */ = {isa = PBXFileReference; lastKnownFileType = wrapper.xcdatamodel; path = Model.xcdatamodel; sourceTree = "<group>"; };
		D0697E191F94EBFD004B6250 /* VT_Constants.swift */ = {isa = PBXFileReference; lastKnownFileType = sourcecode.swift; path = VT_Constants.swift; sourceTree = "<group>"; };
		D0697E231F94ED86004B6250 /* VT_MapViewController.swift */ = {isa = PBXFileReference; lastKnownFileType = sourcecode.swift; path = VT_MapViewController.swift; sourceTree = "<group>"; };
		D0697E271F94EDF0004B6250 /* VT_PinDetailViewController.swift */ = {isa = PBXFileReference; lastKnownFileType = sourcecode.swift; path = VT_PinDetailViewController.swift; sourceTree = "<group>"; };
		D079D7451F95F33B0088DAB2 /* SetupUIForPinDetailViewControllerExtension.swift */ = {isa = PBXFileReference; lastKnownFileType = sourcecode.swift; path = SetupUIForPinDetailViewControllerExtension.swift; sourceTree = "<group>"; };
		D079D7471F95F3420088DAB2 /* DataManagerForPinDetailViewControllerExtension.swift */ = {isa = PBXFileReference; lastKnownFileType = sourcecode.swift; path = DataManagerForPinDetailViewControllerExtension.swift; sourceTree = "<group>"; };
		D079D74B1F95F4B00088DAB2 /* VT_PinDetailCollectionViewCell.swift */ = {isa = PBXFileReference; lastKnownFileType = sourcecode.swift; path = VT_PinDetailCollectionViewCell.swift; sourceTree = "<group>"; };
		D079D74D1F95F5960088DAB2 /* CollectionViewForPinDetailViewControllerExtension.swift */ = {isa = PBXFileReference; lastKnownFileType = sourcecode.swift; path = CollectionViewForPinDetailViewControllerExtension.swift; sourceTree = "<group>"; };
		D0A38FD61F94FB1800410377 /* SetupUIForMapViewControllerExtension.swift */ = {isa = PBXFileReference; lastKnownFileType = sourcecode.swift; path = SetupUIForMapViewControllerExtension.swift; sourceTree = "<group>"; };
		D0A38FD81F94FB2000410377 /* DataManagerForMapViewControllerExtension.swift */ = {isa = PBXFileReference; lastKnownFileType = sourcecode.swift; path = DataManagerForMapViewControllerExtension.swift; sourceTree = "<group>"; };
		D0ACD23C1F963585003CC86C /* Photo+CoreDataClass.swift */ = {isa = PBXFileReference; fileEncoding = 4; lastKnownFileType = sourcecode.swift; path = "Photo+CoreDataClass.swift"; sourceTree = "<group>"; };
		D0ACD23D1F963585003CC86C /* Pin+CoreDataClass.swift */ = {isa = PBXFileReference; fileEncoding = 4; lastKnownFileType = sourcecode.swift; path = "Pin+CoreDataClass.swift"; sourceTree = "<group>"; };
		D0ACD23E1F963585003CC86C /* Pin+CoreDataProperties.swift */ = {isa = PBXFileReference; fileEncoding = 4; lastKnownFileType = sourcecode.swift; path = "Pin+CoreDataProperties.swift"; sourceTree = "<group>"; };
		D0ACD23F1F963585003CC86C /* Photo+CoreDataProperties.swift */ = {isa = PBXFileReference; fileEncoding = 4; lastKnownFileType = sourcecode.swift; path = "Photo+CoreDataProperties.swift"; sourceTree = "<group>"; };
		D0D21B211F94F3D40025D5D3 /* MapKit.framework */ = {isa = PBXFileReference; lastKnownFileType = wrapper.framework; name = MapKit.framework; path = System/Library/Frameworks/MapKit.framework; sourceTree = SDKROOT; };
		D0D21B231F94F4170025D5D3 /* CustomLocationManager.swift */ = {isa = PBXFileReference; lastKnownFileType = sourcecode.swift; path = CustomLocationManager.swift; sourceTree = "<group>"; };
		F23D5493E6B421BDD2E8FB83 /* Pods-VirtualTouristUITests.release.xcconfig */ = {isa = PBXFileReference; includeInIndex = 1; lastKnownFileType = text.xcconfig; name = "Pods-VirtualTouristUITests.release.xcconfig"; path = "Pods/Target Support Files/Pods-VirtualTouristUITests/Pods-VirtualTouristUITests.release.xcconfig"; sourceTree = "<group>"; };
/* End PBXFileReference section */

/* Begin PBXFrameworksBuildPhase section */
		D0697DDE1F94E81E004B6250 /* Frameworks */ = {
			isa = PBXFrameworksBuildPhase;
			buildActionMask = 2147483647;
			files = (
				D0D21B221F94F3D40025D5D3 /* MapKit.framework in Frameworks */,
				CE82C13E1FBE63874AE11B67 /* Pods_VirtualTourist.framework in Frameworks */,
			);
			runOnlyForDeploymentPostprocessing = 0;
		};
		D0697DF21F94E81E004B6250 /* Frameworks */ = {
			isa = PBXFrameworksBuildPhase;
			buildActionMask = 2147483647;
			files = (
				E480AA052ED6060F0D69148E /* Pods_VirtualTouristTests.framework in Frameworks */,
			);
			runOnlyForDeploymentPostprocessing = 0;
		};
		D0697DFD1F94E81E004B6250 /* Frameworks */ = {
			isa = PBXFrameworksBuildPhase;
			buildActionMask = 2147483647;
			files = (
				FF4ABEC26EE3939A892C2B7C /* Pods_VirtualTouristUITests.framework in Frameworks */,
			);
			runOnlyForDeploymentPostprocessing = 0;
		};
/* End PBXFrameworksBuildPhase section */

/* Begin PBXGroup section */
		BE02FC4D87BA8DF89C30CF19 /* Pods */ = {
			isa = PBXGroup;
			children = (
				79181C764E7BB1F4AEA219A3 /* Pods-VirtualTourist.debug.xcconfig */,
				AB2173292367002B47DE5E00 /* Pods-VirtualTourist.release.xcconfig */,
				14EC47D0CF9E11C8F3002D59 /* Pods-VirtualTouristTests.debug.xcconfig */,
				B2189836D8CF027F92A3BFFD /* Pods-VirtualTouristTests.release.xcconfig */,
				CC837326DB152E834AC471B6 /* Pods-VirtualTouristUITests.debug.xcconfig */,
				F23D5493E6B421BDD2E8FB83 /* Pods-VirtualTouristUITests.release.xcconfig */,
			);
			name = Pods;
			sourceTree = "<group>";
		};
		D0697DD81F94E81E004B6250 = {
			isa = PBXGroup;
			children = (
				D0697DE31F94E81E004B6250 /* VirtualTourist */,
				D0697DF81F94E81E004B6250 /* VirtualTouristTests */,
				D0697E031F94E81E004B6250 /* VirtualTouristUITests */,
				D0697DE21F94E81E004B6250 /* Products */,
				D0D21B201F94F3D40025D5D3 /* Frameworks */,
				BE02FC4D87BA8DF89C30CF19 /* Pods */,
			);
			sourceTree = "<group>";
		};
		D0697DE21F94E81E004B6250 /* Products */ = {
			isa = PBXGroup;
			children = (
				D0697DE11F94E81E004B6250 /* VirtualTourist.app */,
				D0697DF51F94E81E004B6250 /* VirtualTouristTests.xctest */,
				D0697E001F94E81E004B6250 /* VirtualTouristUITests.xctest */,
			);
			name = Products;
			sourceTree = "<group>";
		};
		D0697DE31F94E81E004B6250 /* VirtualTourist */ = {
			isa = PBXGroup;
			children = (
				D0697E1B1F94ED0A004B6250 /* MapView */,
				D0697E1C1F94ED0F004B6250 /* PinDetailView */,
				D0697E181F94EBEF004B6250 /* Common */,
				D0697E141F94E8DD004B6250 /* DataModel */,
				D0697DE41F94E81E004B6250 /* AppDelegate.swift */,
				D0697DE81F94E81E004B6250 /* Main.storyboard */,
				D0697DEB1F94E81E004B6250 /* Assets.xcassets */,
				D0697DED1F94E81E004B6250 /* LaunchScreen.storyboard */,
				D0697DF01F94E81E004B6250 /* Info.plist */,
			);
			path = VirtualTourist;
			sourceTree = "<group>";
		};
		D0697DF81F94E81E004B6250 /* VirtualTouristTests */ = {
			isa = PBXGroup;
			children = (
				D0697DF91F94E81E004B6250 /* VirtualTouristTests.swift */,
				D0697DFB1F94E81E004B6250 /* Info.plist */,
			);
			path = VirtualTouristTests;
			sourceTree = "<group>";
		};
		D0697E031F94E81E004B6250 /* VirtualTouristUITests */ = {
			isa = PBXGroup;
			children = (
				D0697E041F94E81E004B6250 /* VirtualTouristUITests.swift */,
				D0697E061F94E81E004B6250 /* Info.plist */,
			);
			path = VirtualTouristUITests;
			sourceTree = "<group>";
		};
		D0697E141F94E8DD004B6250 /* DataModel */ = {
			isa = PBXGroup;
			children = (
				D0ACD23D1F963585003CC86C /* Pin+CoreDataClass.swift */,
				D0ACD23E1F963585003CC86C /* Pin+CoreDataProperties.swift */,
				D0ACD23C1F963585003CC86C /* Photo+CoreDataClass.swift */,
				D0ACD23F1F963585003CC86C /* Photo+CoreDataProperties.swift */,
				D01B9D171F96029C004E7FD1 /* PhotoModel.swift */,
				D0697E151F94E8EC004B6250 /* Model.xcdatamodeld */,
			);
			path = DataModel;
			sourceTree = "<group>";
		};
		D0697E181F94EBEF004B6250 /* Common */ = {
			isa = PBXGroup;
			children = (
				D0697E191F94EBFD004B6250 /* VT_Constants.swift */,
				D0697E121F94E839004B6250 /* CoreDataStack.swift */,
				D0D21B231F94F4170025D5D3 /* CustomLocationManager.swift */,
				D01B9D151F9600E4004E7FD1 /* FlickrManager.swift */,
			);
			path = Common;
			sourceTree = "<group>";
		};
		D0697E1B1F94ED0A004B6250 /* MapView */ = {
			isa = PBXGroup;
			children = (
				D0697E1F1F94ED37004B6250 /* Presenter */,
				D0697E1E1F94ED32004B6250 /* Interactor */,
				D0697E1D1F94ED1E004B6250 /* View */,
			);
			path = MapView;
			sourceTree = "<group>";
		};
		D0697E1C1F94ED0F004B6250 /* PinDetailView */ = {
			isa = PBXGroup;
			children = (
				D0697E221F94ED45004B6250 /* Presenter */,
				D0697E211F94ED41004B6250 /* Interactor */,
				D0697E201F94ED3D004B6250 /* View */,
			);
			path = PinDetailView;
			sourceTree = "<group>";
		};
		D0697E1D1F94ED1E004B6250 /* View */ = {
			isa = PBXGroup;
			children = (
			);
			path = View;
			sourceTree = "<group>";
		};
		D0697E1E1F94ED32004B6250 /* Interactor */ = {
			isa = PBXGroup;
			children = (
				D0A38FD61F94FB1800410377 /* SetupUIForMapViewControllerExtension.swift */,
				D0A38FD81F94FB2000410377 /* DataManagerForMapViewControllerExtension.swift */,
			);
			path = Interactor;
			sourceTree = "<group>";
		};
		D0697E1F1F94ED37004B6250 /* Presenter */ = {
			isa = PBXGroup;
			children = (
				D0697E231F94ED86004B6250 /* VT_MapViewController.swift */,
			);
			path = Presenter;
			sourceTree = "<group>";
		};
		D0697E201F94ED3D004B6250 /* View */ = {
			isa = PBXGroup;
			children = (
				D079D74B1F95F4B00088DAB2 /* VT_PinDetailCollectionViewCell.swift */,
			);
			path = View;
			sourceTree = "<group>";
		};
		D0697E211F94ED41004B6250 /* Interactor */ = {
			isa = PBXGroup;
			children = (
				D079D7451F95F33B0088DAB2 /* SetupUIForPinDetailViewControllerExtension.swift */,
				D079D7471F95F3420088DAB2 /* DataManagerForPinDetailViewControllerExtension.swift */,
				D079D74D1F95F5960088DAB2 /* CollectionViewForPinDetailViewControllerExtension.swift */,
			);
			path = Interactor;
			sourceTree = "<group>";
		};
		D0697E221F94ED45004B6250 /* Presenter */ = {
			isa = PBXGroup;
			children = (
				D0697E271F94EDF0004B6250 /* VT_PinDetailViewController.swift */,
			);
			path = Presenter;
			sourceTree = "<group>";
		};
		D0D21B201F94F3D40025D5D3 /* Frameworks */ = {
			isa = PBXGroup;
			children = (
				D0D21B211F94F3D40025D5D3 /* MapKit.framework */,
				B56B2CD2F19D8998887A3D65 /* Pods_VirtualTourist.framework */,
				97C793AFE14D3C70147382ED /* Pods_VirtualTouristTests.framework */,
				1A0C0076A919822F53964C20 /* Pods_VirtualTouristUITests.framework */,
			);
			name = Frameworks;
			sourceTree = "<group>";
		};
/* End PBXGroup section */

/* Begin PBXNativeTarget section */
		D0697DE01F94E81E004B6250 /* VirtualTourist */ = {
			isa = PBXNativeTarget;
			buildConfigurationList = D0697E091F94E81E004B6250 /* Build configuration list for PBXNativeTarget "VirtualTourist" */;
			buildPhases = (
				495DED44B321EC5071B9E43F /* [CP] Check Pods Manifest.lock */,
				D0697DDD1F94E81E004B6250 /* Sources */,
				D0697DDE1F94E81E004B6250 /* Frameworks */,
				D0697DDF1F94E81E004B6250 /* Resources */,
				EF2B0FEFEEB18989BFA2BBF1 /* [CP] Embed Pods Frameworks */,
				376D58593F57973599EDCD57 /* [CP] Copy Pods Resources */,
			);
			buildRules = (
			);
			dependencies = (
			);
			name = VirtualTourist;
			productName = VirtualTourist;
			productReference = D0697DE11F94E81E004B6250 /* VirtualTourist.app */;
			productType = "com.apple.product-type.application";
		};
		D0697DF41F94E81E004B6250 /* VirtualTouristTests */ = {
			isa = PBXNativeTarget;
			buildConfigurationList = D0697E0C1F94E81E004B6250 /* Build configuration list for PBXNativeTarget "VirtualTouristTests" */;
			buildPhases = (
				5A7FC087D6C65DE67C4106AF /* [CP] Check Pods Manifest.lock */,
				D0697DF11F94E81E004B6250 /* Sources */,
				D0697DF21F94E81E004B6250 /* Frameworks */,
				D0697DF31F94E81E004B6250 /* Resources */,
				9DCE1CA072895F2B7E4DEDFB /* [CP] Embed Pods Frameworks */,
				5C01B8DDFFB9567AE1285306 /* [CP] Copy Pods Resources */,
			);
			buildRules = (
			);
			dependencies = (
				D0697DF71F94E81E004B6250 /* PBXTargetDependency */,
			);
			name = VirtualTouristTests;
			productName = VirtualTouristTests;
			productReference = D0697DF51F94E81E004B6250 /* VirtualTouristTests.xctest */;
			productType = "com.apple.product-type.bundle.unit-test";
		};
		D0697DFF1F94E81E004B6250 /* VirtualTouristUITests */ = {
			isa = PBXNativeTarget;
			buildConfigurationList = D0697E0F1F94E81E004B6250 /* Build configuration list for PBXNativeTarget "VirtualTouristUITests" */;
			buildPhases = (
				34486E14C46832E983902181 /* [CP] Check Pods Manifest.lock */,
				D0697DFC1F94E81E004B6250 /* Sources */,
				D0697DFD1F94E81E004B6250 /* Frameworks */,
				D0697DFE1F94E81E004B6250 /* Resources */,
				0FA73157CE8F51E09EFD2E36 /* [CP] Embed Pods Frameworks */,
				CA8C50930DBB43DFD7623419 /* [CP] Copy Pods Resources */,
			);
			buildRules = (
			);
			dependencies = (
				D0697E021F94E81E004B6250 /* PBXTargetDependency */,
			);
			name = VirtualTouristUITests;
			productName = VirtualTouristUITests;
			productReference = D0697E001F94E81E004B6250 /* VirtualTouristUITests.xctest */;
			productType = "com.apple.product-type.bundle.ui-testing";
		};
/* End PBXNativeTarget section */

/* Begin PBXProject section */
		D0697DD91F94E81E004B6250 /* Project object */ = {
			isa = PBXProject;
			attributes = {
				CLASSPREFIX = VT_;
				LastSwiftUpdateCheck = 0900;
				LastUpgradeCheck = 0900;
				ORGANIZATIONNAME = Deepturf;
				TargetAttributes = {
					D0697DE01F94E81E004B6250 = {
						CreatedOnToolsVersion = 9.0;
						ProvisioningStyle = Automatic;
						SystemCapabilities = {
							com.apple.Maps.iOS = {
								enabled = 1;
							};
						};
					};
					D0697DF41F94E81E004B6250 = {
						CreatedOnToolsVersion = 9.0;
						ProvisioningStyle = Automatic;
						TestTargetID = D0697DE01F94E81E004B6250;
					};
					D0697DFF1F94E81E004B6250 = {
						CreatedOnToolsVersion = 9.0;
						ProvisioningStyle = Automatic;
						TestTargetID = D0697DE01F94E81E004B6250;
					};
				};
			};
			buildConfigurationList = D0697DDC1F94E81E004B6250 /* Build configuration list for PBXProject "VirtualTourist" */;
			compatibilityVersion = "Xcode 8.0";
			developmentRegion = en;
			hasScannedForEncodings = 0;
			knownRegions = (
				en,
				Base,
			);
			mainGroup = D0697DD81F94E81E004B6250;
			productRefGroup = D0697DE21F94E81E004B6250 /* Products */;
			projectDirPath = "";
			projectRoot = "";
			targets = (
				D0697DE01F94E81E004B6250 /* VirtualTourist */,
				D0697DF41F94E81E004B6250 /* VirtualTouristTests */,
				D0697DFF1F94E81E004B6250 /* VirtualTouristUITests */,
			);
		};
/* End PBXProject section */

/* Begin PBXResourcesBuildPhase section */
		D0697DDF1F94E81E004B6250 /* Resources */ = {
			isa = PBXResourcesBuildPhase;
			buildActionMask = 2147483647;
			files = (
				D0697DEF1F94E81E004B6250 /* LaunchScreen.storyboard in Resources */,
				D0697DEC1F94E81E004B6250 /* Assets.xcassets in Resources */,
				D0697DEA1F94E81E004B6250 /* Main.storyboard in Resources */,
			);
			runOnlyForDeploymentPostprocessing = 0;
		};
		D0697DF31F94E81E004B6250 /* Resources */ = {
			isa = PBXResourcesBuildPhase;
			buildActionMask = 2147483647;
			files = (
			);
			runOnlyForDeploymentPostprocessing = 0;
		};
		D0697DFE1F94E81E004B6250 /* Resources */ = {
			isa = PBXResourcesBuildPhase;
			buildActionMask = 2147483647;
			files = (
			);
			runOnlyForDeploymentPostprocessing = 0;
		};
/* End PBXResourcesBuildPhase section */

/* Begin PBXShellScriptBuildPhase section */
		0FA73157CE8F51E09EFD2E36 /* [CP] Embed Pods Frameworks */ = {
			isa = PBXShellScriptBuildPhase;
			buildActionMask = 2147483647;
			files = (
			);
			inputPaths = (
			);
			name = "[CP] Embed Pods Frameworks";
			outputPaths = (
			);
			runOnlyForDeploymentPostprocessing = 0;
			shellPath = /bin/sh;
			shellScript = "\"${SRCROOT}/Pods/Target Support Files/Pods-VirtualTouristUITests/Pods-VirtualTouristUITests-frameworks.sh\"\n";
			showEnvVarsInLog = 0;
		};
		34486E14C46832E983902181 /* [CP] Check Pods Manifest.lock */ = {
			isa = PBXShellScriptBuildPhase;
			buildActionMask = 2147483647;
			files = (
			);
			inputPaths = (
				"${PODS_PODFILE_DIR_PATH}/Podfile.lock",
				"${PODS_ROOT}/Manifest.lock",
			);
			name = "[CP] Check Pods Manifest.lock";
			outputPaths = (
				"$(DERIVED_FILE_DIR)/Pods-VirtualTouristUITests-checkManifestLockResult.txt",
			);
			runOnlyForDeploymentPostprocessing = 0;
			shellPath = /bin/sh;
			shellScript = "diff \"${PODS_PODFILE_DIR_PATH}/Podfile.lock\" \"${PODS_ROOT}/Manifest.lock\" > /dev/null\nif [ $? != 0 ] ; then\n    # print error to STDERR\n    echo \"error: The sandbox is not in sync with the Podfile.lock. Run 'pod install' or update your CocoaPods installation.\" >&2\n    exit 1\nfi\n# This output is used by Xcode 'outputs' to avoid re-running this script phase.\necho \"SUCCESS\" > \"${SCRIPT_OUTPUT_FILE_0}\"\n";
			showEnvVarsInLog = 0;
		};
		376D58593F57973599EDCD57 /* [CP] Copy Pods Resources */ = {
			isa = PBXShellScriptBuildPhase;
			buildActionMask = 2147483647;
			files = (
			);
			inputPaths = (
			);
			name = "[CP] Copy Pods Resources";
			outputPaths = (
			);
			runOnlyForDeploymentPostprocessing = 0;
			shellPath = /bin/sh;
			shellScript = "\"${SRCROOT}/Pods/Target Support Files/Pods-VirtualTourist/Pods-VirtualTourist-resources.sh\"\n";
			showEnvVarsInLog = 0;
		};
		495DED44B321EC5071B9E43F /* [CP] Check Pods Manifest.lock */ = {
			isa = PBXShellScriptBuildPhase;
			buildActionMask = 2147483647;
			files = (
			);
			inputPaths = (
				"${PODS_PODFILE_DIR_PATH}/Podfile.lock",
				"${PODS_ROOT}/Manifest.lock",
			);
			name = "[CP] Check Pods Manifest.lock";
			outputPaths = (
				"$(DERIVED_FILE_DIR)/Pods-VirtualTourist-checkManifestLockResult.txt",
			);
			runOnlyForDeploymentPostprocessing = 0;
			shellPath = /bin/sh;
			shellScript = "diff \"${PODS_PODFILE_DIR_PATH}/Podfile.lock\" \"${PODS_ROOT}/Manifest.lock\" > /dev/null\nif [ $? != 0 ] ; then\n    # print error to STDERR\n    echo \"error: The sandbox is not in sync with the Podfile.lock. Run 'pod install' or update your CocoaPods installation.\" >&2\n    exit 1\nfi\n# This output is used by Xcode 'outputs' to avoid re-running this script phase.\necho \"SUCCESS\" > \"${SCRIPT_OUTPUT_FILE_0}\"\n";
			showEnvVarsInLog = 0;
		};
		5A7FC087D6C65DE67C4106AF /* [CP] Check Pods Manifest.lock */ = {
			isa = PBXShellScriptBuildPhase;
			buildActionMask = 2147483647;
			files = (
			);
			inputPaths = (
				"${PODS_PODFILE_DIR_PATH}/Podfile.lock",
				"${PODS_ROOT}/Manifest.lock",
			);
			name = "[CP] Check Pods Manifest.lock";
			outputPaths = (
				"$(DERIVED_FILE_DIR)/Pods-VirtualTouristTests-checkManifestLockResult.txt",
			);
			runOnlyForDeploymentPostprocessing = 0;
			shellPath = /bin/sh;
			shellScript = "diff \"${PODS_PODFILE_DIR_PATH}/Podfile.lock\" \"${PODS_ROOT}/Manifest.lock\" > /dev/null\nif [ $? != 0 ] ; then\n    # print error to STDERR\n    echo \"error: The sandbox is not in sync with the Podfile.lock. Run 'pod install' or update your CocoaPods installation.\" >&2\n    exit 1\nfi\n# This output is used by Xcode 'outputs' to avoid re-running this script phase.\necho \"SUCCESS\" > \"${SCRIPT_OUTPUT_FILE_0}\"\n";
			showEnvVarsInLog = 0;
		};
		5C01B8DDFFB9567AE1285306 /* [CP] Copy Pods Resources */ = {
			isa = PBXShellScriptBuildPhase;
			buildActionMask = 2147483647;
			files = (
			);
			inputPaths = (
			);
			name = "[CP] Copy Pods Resources";
			outputPaths = (
			);
			runOnlyForDeploymentPostprocessing = 0;
			shellPath = /bin/sh;
			shellScript = "\"${SRCROOT}/Pods/Target Support Files/Pods-VirtualTouristTests/Pods-VirtualTouristTests-resources.sh\"\n";
			showEnvVarsInLog = 0;
		};
		9DCE1CA072895F2B7E4DEDFB /* [CP] Embed Pods Frameworks */ = {
			isa = PBXShellScriptBuildPhase;
			buildActionMask = 2147483647;
			files = (
			);
			inputPaths = (
			);
			name = "[CP] Embed Pods Frameworks";
			outputPaths = (
			);
			runOnlyForDeploymentPostprocessing = 0;
			shellPath = /bin/sh;
			shellScript = "\"${SRCROOT}/Pods/Target Support Files/Pods-VirtualTouristTests/Pods-VirtualTouristTests-frameworks.sh\"\n";
			showEnvVarsInLog = 0;
		};
		CA8C50930DBB43DFD7623419 /* [CP] Copy Pods Resources */ = {
			isa = PBXShellScriptBuildPhase;
			buildActionMask = 2147483647;
			files = (
			);
			inputPaths = (
			);
			name = "[CP] Copy Pods Resources";
			outputPaths = (
			);
			runOnlyForDeploymentPostprocessing = 0;
			shellPath = /bin/sh;
			shellScript = "\"${SRCROOT}/Pods/Target Support Files/Pods-VirtualTouristUITests/Pods-VirtualTouristUITests-resources.sh\"\n";
			showEnvVarsInLog = 0;
		};
		EF2B0FEFEEB18989BFA2BBF1 /* [CP] Embed Pods Frameworks */ = {
			isa = PBXShellScriptBuildPhase;
			buildActionMask = 2147483647;
			files = (
			);
			inputPaths = (
				"${SRCROOT}/Pods/Target Support Files/Pods-VirtualTourist/Pods-VirtualTourist-frameworks.sh",
				"${BUILT_PRODUCTS_DIR}/ChameleonFramework/ChameleonFramework.framework",
				"${BUILT_PRODUCTS_DIR}/FontAwesomeKit/FontAwesomeKit.framework",
				"${BUILT_PRODUCTS_DIR}/HexColors/HexColors.framework",
				"${BUILT_PRODUCTS_DIR}/MBProgressHUD/MBProgressHUD.framework",
				"${BUILT_PRODUCTS_DIR}/ObjcExceptionBridging/ObjcExceptionBridging.framework",
				"${BUILT_PRODUCTS_DIR}/SDWebImage/SDWebImage.framework",
				"${BUILT_PRODUCTS_DIR}/TSMessages/TSMessages.framework",
				"${BUILT_PRODUCTS_DIR}/XCGLogger/XCGLogger.framework",
			);
			name = "[CP] Embed Pods Frameworks";
			outputPaths = (
				"${TARGET_BUILD_DIR}/${FRAMEWORKS_FOLDER_PATH}/ChameleonFramework.framework",
				"${TARGET_BUILD_DIR}/${FRAMEWORKS_FOLDER_PATH}/FontAwesomeKit.framework",
				"${TARGET_BUILD_DIR}/${FRAMEWORKS_FOLDER_PATH}/HexColors.framework",
				"${TARGET_BUILD_DIR}/${FRAMEWORKS_FOLDER_PATH}/MBProgressHUD.framework",
				"${TARGET_BUILD_DIR}/${FRAMEWORKS_FOLDER_PATH}/ObjcExceptionBridging.framework",
				"${TARGET_BUILD_DIR}/${FRAMEWORKS_FOLDER_PATH}/SDWebImage.framework",
				"${TARGET_BUILD_DIR}/${FRAMEWORKS_FOLDER_PATH}/TSMessages.framework",
				"${TARGET_BUILD_DIR}/${FRAMEWORKS_FOLDER_PATH}/XCGLogger.framework",
			);
			runOnlyForDeploymentPostprocessing = 0;
			shellPath = /bin/sh;
			shellScript = "\"${SRCROOT}/Pods/Target Support Files/Pods-VirtualTourist/Pods-VirtualTourist-frameworks.sh\"\n";
			showEnvVarsInLog = 0;
		};
/* End PBXShellScriptBuildPhase section */

/* Begin PBXSourcesBuildPhase section */
		D0697DDD1F94E81E004B6250 /* Sources */ = {
			isa = PBXSourcesBuildPhase;
			buildActionMask = 2147483647;
			files = (
				D0697E131F94E839004B6250 /* CoreDataStack.swift in Sources */,
				D079D7481F95F3420088DAB2 /* DataManagerForPinDetailViewControllerExtension.swift in Sources */,
				D0A38FD91F94FB2000410377 /* DataManagerForMapViewControllerExtension.swift in Sources */,
				D01B9D181F96029C004E7FD1 /* PhotoModel.swift in Sources */,
				D01B9D161F9600E4004E7FD1 /* FlickrManager.swift in Sources */,
				D0A38FD71F94FB1800410377 /* SetupUIForMapViewControllerExtension.swift in Sources */,
				D079D74E1F95F5960088DAB2 /* CollectionViewForPinDetailViewControllerExtension.swift in Sources */,
				D079D7461F95F33B0088DAB2 /* SetupUIForPinDetailViewControllerExtension.swift in Sources */,
				D0ACD2411F963585003CC86C /* Pin+CoreDataClass.swift in Sources */,
				D0697E281F94EDF0004B6250 /* VT_PinDetailViewController.swift in Sources */,
				D0ACD2421F963585003CC86C /* Pin+CoreDataProperties.swift in Sources */,
				D0697DE51F94E81E004B6250 /* AppDelegate.swift in Sources */,
				D0697E1A1F94EBFD004B6250 /* VT_Constants.swift in Sources */,
				D0697E171F94E8EC004B6250 /* Model.xcdatamodeld in Sources */,
				D0ACD2401F963585003CC86C /* Photo+CoreDataClass.swift in Sources */,
				D0697E241F94ED86004B6250 /* VT_MapViewController.swift in Sources */,
				D0D21B241F94F4170025D5D3 /* CustomLocationManager.swift in Sources */,
				D0ACD2431F963585003CC86C /* Photo+CoreDataProperties.swift in Sources */,
				D079D74C1F95F4B00088DAB2 /* VT_PinDetailCollectionViewCell.swift in Sources */,
			);
			runOnlyForDeploymentPostprocessing = 0;
		};
		D0697DF11F94E81E004B6250 /* Sources */ = {
			isa = PBXSourcesBuildPhase;
			buildActionMask = 2147483647;
			files = (
				D0697DFA1F94E81E004B6250 /* VirtualTouristTests.swift in Sources */,
			);
			runOnlyForDeploymentPostprocessing = 0;
		};
		D0697DFC1F94E81E004B6250 /* Sources */ = {
			isa = PBXSourcesBuildPhase;
			buildActionMask = 2147483647;
			files = (
				D0697E051F94E81E004B6250 /* VirtualTouristUITests.swift in Sources */,
			);
			runOnlyForDeploymentPostprocessing = 0;
		};
/* End PBXSourcesBuildPhase section */

/* Begin PBXTargetDependency section */
		D0697DF71F94E81E004B6250 /* PBXTargetDependency */ = {
			isa = PBXTargetDependency;
			target = D0697DE01F94E81E004B6250 /* VirtualTourist */;
			targetProxy = D0697DF61F94E81E004B6250 /* PBXContainerItemProxy */;
		};
		D0697E021F94E81E004B6250 /* PBXTargetDependency */ = {
			isa = PBXTargetDependency;
			target = D0697DE01F94E81E004B6250 /* VirtualTourist */;
			targetProxy = D0697E011F94E81E004B6250 /* PBXContainerItemProxy */;
		};
/* End PBXTargetDependency section */

/* Begin PBXVariantGroup section */
		D0697DE81F94E81E004B6250 /* Main.storyboard */ = {
			isa = PBXVariantGroup;
			children = (
				D0697DE91F94E81E004B6250 /* Base */,
			);
			name = Main.storyboard;
			sourceTree = "<group>";
		};
		D0697DED1F94E81E004B6250 /* LaunchScreen.storyboard */ = {
			isa = PBXVariantGroup;
			children = (
				D0697DEE1F94E81E004B6250 /* Base */,
			);
			name = LaunchScreen.storyboard;
			sourceTree = "<group>";
		};
/* End PBXVariantGroup section */

/* Begin XCBuildConfiguration section */
		D0697E071F94E81E004B6250 /* Debug */ = {
			isa = XCBuildConfiguration;
			buildSettings = {
				ALWAYS_SEARCH_USER_PATHS = NO;
				CLANG_ANALYZER_NONNULL = YES;
				CLANG_ANALYZER_NUMBER_OBJECT_CONVERSION = YES_AGGRESSIVE;
				CLANG_CXX_LANGUAGE_STANDARD = "gnu++14";
				CLANG_CXX_LIBRARY = "libc++";
				CLANG_ENABLE_MODULES = YES;
				CLANG_ENABLE_OBJC_ARC = YES;
				CLANG_WARN_BLOCK_CAPTURE_AUTORELEASING = YES;
				CLANG_WARN_BOOL_CONVERSION = YES;
				CLANG_WARN_COMMA = YES;
				CLANG_WARN_CONSTANT_CONVERSION = YES;
				CLANG_WARN_DIRECT_OBJC_ISA_USAGE = YES_ERROR;
				CLANG_WARN_DOCUMENTATION_COMMENTS = YES;
				CLANG_WARN_EMPTY_BODY = YES;
				CLANG_WARN_ENUM_CONVERSION = YES;
				CLANG_WARN_INFINITE_RECURSION = YES;
				CLANG_WARN_INT_CONVERSION = YES;
				CLANG_WARN_NON_LITERAL_NULL_CONVERSION = YES;
				CLANG_WARN_OBJC_LITERAL_CONVERSION = YES;
				CLANG_WARN_OBJC_ROOT_CLASS = YES_ERROR;
				CLANG_WARN_RANGE_LOOP_ANALYSIS = YES;
				CLANG_WARN_STRICT_PROTOTYPES = YES;
				CLANG_WARN_SUSPICIOUS_MOVE = YES;
				CLANG_WARN_UNGUARDED_AVAILABILITY = YES_AGGRESSIVE;
				CLANG_WARN_UNREACHABLE_CODE = YES;
				CLANG_WARN__DUPLICATE_METHOD_MATCH = YES;
				CODE_SIGN_IDENTITY = "iPhone Developer";
				COPY_PHASE_STRIP = NO;
				DEBUG_INFORMATION_FORMAT = dwarf;
				ENABLE_STRICT_OBJC_MSGSEND = YES;
				ENABLE_TESTABILITY = YES;
				GCC_C_LANGUAGE_STANDARD = gnu11;
				GCC_DYNAMIC_NO_PIC = NO;
				GCC_NO_COMMON_BLOCKS = YES;
				GCC_OPTIMIZATION_LEVEL = 0;
				GCC_PREPROCESSOR_DEFINITIONS = (
					"DEBUG=1",
					"$(inherited)",
				);
				GCC_WARN_64_TO_32_BIT_CONVERSION = YES;
				GCC_WARN_ABOUT_RETURN_TYPE = YES_ERROR;
				GCC_WARN_UNDECLARED_SELECTOR = YES;
				GCC_WARN_UNINITIALIZED_AUTOS = YES_AGGRESSIVE;
				GCC_WARN_UNUSED_FUNCTION = YES;
				GCC_WARN_UNUSED_VARIABLE = YES;
				IPHONEOS_DEPLOYMENT_TARGET = 11.0;
				MTL_ENABLE_DEBUG_INFO = YES;
				ONLY_ACTIVE_ARCH = YES;
				SDKROOT = iphoneos;
				SWIFT_ACTIVE_COMPILATION_CONDITIONS = DEBUG;
				SWIFT_OPTIMIZATION_LEVEL = "-Onone";
			};
			name = Debug;
		};
		D0697E081F94E81E004B6250 /* Release */ = {
			isa = XCBuildConfiguration;
			buildSettings = {
				ALWAYS_SEARCH_USER_PATHS = NO;
				CLANG_ANALYZER_NONNULL = YES;
				CLANG_ANALYZER_NUMBER_OBJECT_CONVERSION = YES_AGGRESSIVE;
				CLANG_CXX_LANGUAGE_STANDARD = "gnu++14";
				CLANG_CXX_LIBRARY = "libc++";
				CLANG_ENABLE_MODULES = YES;
				CLANG_ENABLE_OBJC_ARC = YES;
				CLANG_WARN_BLOCK_CAPTURE_AUTORELEASING = YES;
				CLANG_WARN_BOOL_CONVERSION = YES;
				CLANG_WARN_COMMA = YES;
				CLANG_WARN_CONSTANT_CONVERSION = YES;
				CLANG_WARN_DIRECT_OBJC_ISA_USAGE = YES_ERROR;
				CLANG_WARN_DOCUMENTATION_COMMENTS = YES;
				CLANG_WARN_EMPTY_BODY = YES;
				CLANG_WARN_ENUM_CONVERSION = YES;
				CLANG_WARN_INFINITE_RECURSION = YES;
				CLANG_WARN_INT_CONVERSION = YES;
				CLANG_WARN_NON_LITERAL_NULL_CONVERSION = YES;
				CLANG_WARN_OBJC_LITERAL_CONVERSION = YES;
				CLANG_WARN_OBJC_ROOT_CLASS = YES_ERROR;
				CLANG_WARN_RANGE_LOOP_ANALYSIS = YES;
				CLANG_WARN_STRICT_PROTOTYPES = YES;
				CLANG_WARN_SUSPICIOUS_MOVE = YES;
				CLANG_WARN_UNGUARDED_AVAILABILITY = YES_AGGRESSIVE;
				CLANG_WARN_UNREACHABLE_CODE = YES;
				CLANG_WARN__DUPLICATE_METHOD_MATCH = YES;
				CODE_SIGN_IDENTITY = "iPhone Developer";
				COPY_PHASE_STRIP = NO;
				DEBUG_INFORMATION_FORMAT = "dwarf-with-dsym";
				ENABLE_NS_ASSERTIONS = NO;
				ENABLE_STRICT_OBJC_MSGSEND = YES;
				GCC_C_LANGUAGE_STANDARD = gnu11;
				GCC_NO_COMMON_BLOCKS = YES;
				GCC_WARN_64_TO_32_BIT_CONVERSION = YES;
				GCC_WARN_ABOUT_RETURN_TYPE = YES_ERROR;
				GCC_WARN_UNDECLARED_SELECTOR = YES;
				GCC_WARN_UNINITIALIZED_AUTOS = YES_AGGRESSIVE;
				GCC_WARN_UNUSED_FUNCTION = YES;
				GCC_WARN_UNUSED_VARIABLE = YES;
				IPHONEOS_DEPLOYMENT_TARGET = 11.0;
				MTL_ENABLE_DEBUG_INFO = NO;
				SDKROOT = iphoneos;
				SWIFT_OPTIMIZATION_LEVEL = "-Owholemodule";
				VALIDATE_PRODUCT = YES;
			};
			name = Release;
		};
		D0697E0A1F94E81E004B6250 /* Debug */ = {
			isa = XCBuildConfiguration;
			baseConfigurationReference = 79181C764E7BB1F4AEA219A3 /* Pods-VirtualTourist.debug.xcconfig */;
			buildSettings = {
				ASSETCATALOG_COMPILER_APPICON_NAME = AppIcon;
				CODE_SIGN_STYLE = Automatic;
				DEVELOPMENT_TEAM = 4R4A5Y6466;
				INFOPLIST_FILE = VirtualTourist/Info.plist;
				LD_RUNPATH_SEARCH_PATHS = "$(inherited) @executable_path/Frameworks";
				PRODUCT_BUNDLE_IDENTIFIER = com.deepturf.VirtualTourist;
				PRODUCT_NAME = "$(TARGET_NAME)";
				SWIFT_VERSION = 4.0;
				TARGETED_DEVICE_FAMILY = "1,2";
			};
			name = Debug;
		};
		D0697E0B1F94E81E004B6250 /* Release */ = {
			isa = XCBuildConfiguration;
			baseConfigurationReference = AB2173292367002B47DE5E00 /* Pods-VirtualTourist.release.xcconfig */;
			buildSettings = {
				ASSETCATALOG_COMPILER_APPICON_NAME = AppIcon;
				CODE_SIGN_STYLE = Automatic;
				DEVELOPMENT_TEAM = 4R4A5Y6466;
				INFOPLIST_FILE = VirtualTourist/Info.plist;
				LD_RUNPATH_SEARCH_PATHS = "$(inherited) @executable_path/Frameworks";
				PRODUCT_BUNDLE_IDENTIFIER = com.deepturf.VirtualTourist;
				PRODUCT_NAME = "$(TARGET_NAME)";
				SWIFT_VERSION = 4.0;
				TARGETED_DEVICE_FAMILY = "1,2";
			};
			name = Release;
		};
		D0697E0D1F94E81E004B6250 /* Debug */ = {
			isa = XCBuildConfiguration;
			baseConfigurationReference = 14EC47D0CF9E11C8F3002D59 /* Pods-VirtualTouristTests.debug.xcconfig */;
			buildSettings = {
				ALWAYS_EMBED_SWIFT_STANDARD_LIBRARIES = YES;
				BUNDLE_LOADER = "$(TEST_HOST)";
				CODE_SIGN_STYLE = Automatic;
				DEVELOPMENT_TEAM = 4R4A5Y6466;
				INFOPLIST_FILE = VirtualTouristTests/Info.plist;
				LD_RUNPATH_SEARCH_PATHS = "$(inherited) @executable_path/Frameworks @loader_path/Frameworks";
				PRODUCT_BUNDLE_IDENTIFIER = com.deepturf.VirtualTouristTests;
				PRODUCT_NAME = "$(TARGET_NAME)";
				SWIFT_VERSION = 4.0;
				TARGETED_DEVICE_FAMILY = "1,2";
				TEST_HOST = "$(BUILT_PRODUCTS_DIR)/VirtualTourist.app/VirtualTourist";
			};
			name = Debug;
		};
		D0697E0E1F94E81E004B6250 /* Release */ = {
			isa = XCBuildConfiguration;
			baseConfigurationReference = B2189836D8CF027F92A3BFFD /* Pods-VirtualTouristTests.release.xcconfig */;
			buildSettings = {
				ALWAYS_EMBED_SWIFT_STANDARD_LIBRARIES = YES;
				BUNDLE_LOADER = "$(TEST_HOST)";
				CODE_SIGN_STYLE = Automatic;
				DEVELOPMENT_TEAM = 4R4A5Y6466;
				INFOPLIST_FILE = VirtualTouristTests/Info.plist;
				LD_RUNPATH_SEARCH_PATHS = "$(inherited) @executable_path/Frameworks @loader_path/Frameworks";
				PRODUCT_BUNDLE_IDENTIFIER = com.deepturf.VirtualTouristTests;
				PRODUCT_NAME = "$(TARGET_NAME)";
				SWIFT_VERSION = 4.0;
				TARGETED_DEVICE_FAMILY = "1,2";
				TEST_HOST = "$(BUILT_PRODUCTS_DIR)/VirtualTourist.app/VirtualTourist";
			};
			name = Release;
		};
		D0697E101F94E81E004B6250 /* Debug */ = {
			isa = XCBuildConfiguration;
			baseConfigurationReference = CC837326DB152E834AC471B6 /* Pods-VirtualTouristUITests.debug.xcconfig */;
			buildSettings = {
				ALWAYS_EMBED_SWIFT_STANDARD_LIBRARIES = YES;
				CODE_SIGN_STYLE = Automatic;
				DEVELOPMENT_TEAM = 4R4A5Y6466;
				INFOPLIST_FILE = VirtualTouristUITests/Info.plist;
				LD_RUNPATH_SEARCH_PATHS = "$(inherited) @executable_path/Frameworks @loader_path/Frameworks";
				PRODUCT_BUNDLE_IDENTIFIER = com.deepturf.VirtualTouristUITests;
				PRODUCT_NAME = "$(TARGET_NAME)";
				SWIFT_VERSION = 4.0;
				TARGETED_DEVICE_FAMILY = "1,2";
				TEST_TARGET_NAME = VirtualTourist;
			};
			name = Debug;
		};
		D0697E111F94E81E004B6250 /* Release */ = {
			isa = XCBuildConfiguration;
			baseConfigurationReference = F23D5493E6B421BDD2E8FB83 /* Pods-VirtualTouristUITests.release.xcconfig */;
			buildSettings = {
				ALWAYS_EMBED_SWIFT_STANDARD_LIBRARIES = YES;
				CODE_SIGN_STYLE = Automatic;
				DEVELOPMENT_TEAM = 4R4A5Y6466;
				INFOPLIST_FILE = VirtualTouristUITests/Info.plist;
				LD_RUNPATH_SEARCH_PATHS = "$(inherited) @executable_path/Frameworks @loader_path/Frameworks";
				PRODUCT_BUNDLE_IDENTIFIER = com.deepturf.VirtualTouristUITests;
				PRODUCT_NAME = "$(TARGET_NAME)";
				SWIFT_VERSION = 4.0;
				TARGETED_DEVICE_FAMILY = "1,2";
				TEST_TARGET_NAME = VirtualTourist;
			};
			name = Release;
		};
/* End XCBuildConfiguration section */

/* Begin XCConfigurationList section */
		D0697DDC1F94E81E004B6250 /* Build configuration list for PBXProject "VirtualTourist" */ = {
			isa = XCConfigurationList;
			buildConfigurations = (
				D0697E071F94E81E004B6250 /* Debug */,
				D0697E081F94E81E004B6250 /* Release */,
			);
			defaultConfigurationIsVisible = 0;
			defaultConfigurationName = Release;
		};
		D0697E091F94E81E004B6250 /* Build configuration list for PBXNativeTarget "VirtualTourist" */ = {
			isa = XCConfigurationList;
			buildConfigurations = (
				D0697E0A1F94E81E004B6250 /* Debug */,
				D0697E0B1F94E81E004B6250 /* Release */,
			);
			defaultConfigurationIsVisible = 0;
			defaultConfigurationName = Release;
		};
		D0697E0C1F94E81E004B6250 /* Build configuration list for PBXNativeTarget "VirtualTouristTests" */ = {
			isa = XCConfigurationList;
			buildConfigurations = (
				D0697E0D1F94E81E004B6250 /* Debug */,
				D0697E0E1F94E81E004B6250 /* Release */,
			);
			defaultConfigurationIsVisible = 0;
			defaultConfigurationName = Release;
		};
		D0697E0F1F94E81E004B6250 /* Build configuration list for PBXNativeTarget "VirtualTouristUITests" */ = {
			isa = XCConfigurationList;
			buildConfigurations = (
				D0697E101F94E81E004B6250 /* Debug */,
				D0697E111F94E81E004B6250 /* Release */,
			);
			defaultConfigurationIsVisible = 0;
			defaultConfigurationName = Release;
		};
/* End XCConfigurationList section */

/* Begin XCVersionGroup section */
		D0697E151F94E8EC004B6250 /* Model.xcdatamodeld */ = {
			isa = XCVersionGroup;
			children = (
				D0697E161F94E8EC004B6250 /* Model.xcdatamodel */,
			);
			currentVersion = D0697E161F94E8EC004B6250 /* Model.xcdatamodel */;
			path = Model.xcdatamodeld;
			sourceTree = "<group>";
			versionGroupType = wrapper.xcdatamodel;
		};
/* End XCVersionGroup section */
	};
	rootObject = D0697DD91F94E81E004B6250 /* Project object */;
}
